
Microsoft Visual Studio Solution File, Format Version 12.00
# Visual Studio Version 17
VisualStudioVersion = 17.7.34024.191
MinimumVisualStudioVersion = 10.0.40219.1
Project("{FAE04EC0-301F-11D3-BF4B-00C04F79EFBC}") = "ezednevnik", "ezednevnik\ezednevnik.csproj", "{4594A0B7-EC40-4E92-8660-903DCFE75229}"
EndProject
Global
	GlobalSection(SolutionConfigurationPlatforms) = preSolution
		Debug|Any CPU = Debug|Any CPU
		Release|Any CPU = Release|Any CPU
	EndGlobalSection
	GlobalSection(ProjectConfigurationPlatforms) = postSolution
		{4594A0B7-EC40-4E92-8660-903DCFE75229}.Debug|Any CPU.ActiveCfg = Debug|Any CPU
		{4594A0B7-EC40-4E92-8660-903DCFE75229}.Debug|Any CPU.Build.0 = Debug|Any CPU
		{4594A0B7-EC40-4E92-8660-903DCFE75229}.Release|Any CPU.ActiveCfg = Release|Any CPU
		{4594A0B7-EC40-4E92-8660-903DCFE75229}.Release|Any CPU.Build.0 = Release|Any CPU
	EndGlobalSection
	GlobalSection(SolutionProperties) = preSolution
		HideSolutionNode = FALSE
	EndGlobalSection
	GlobalSection(ExtensibilityGlobals) = postSolution
		SolutionGuid = {1C991975-D721-4C2D-9F61-B245516F607F}
	EndGlobalSection
EndGlobal
